
Microsoft Visual Studio Solution File, Format Version 12.00
# Visual Studio Version 17
VisualStudioVersion = 17.9.34607.119
MinimumVisualStudioVersion = 10.0.40219.1
Project("{FAE04EC0-301F-11D3-BF4B-00C04F79EFBC}") = "Group Practice", "Group Practice\Group Practice.csproj", "{8909404F-84F3-445E-BD92-D0A15C6872AD}"
EndProject
Global
	GlobalSection(SolutionConfigurationPlatforms) = preSolution
		Debug|Any CPU = Debug|Any CPU
		Release|Any CPU = Release|Any CPU
	EndGlobalSection
	GlobalSection(ProjectConfigurationPlatforms) = postSolution
		{8909404F-84F3-445E-BD92-D0A15C6872AD}.Debug|Any CPU.ActiveCfg = Debug|Any CPU
		{8909404F-84F3-445E-BD92-D0A15C6872AD}.Debug|Any CPU.Build.0 = Debug|Any CPU
		{8909404F-84F3-445E-BD92-D0A15C6872AD}.Release|Any CPU.ActiveCfg = Release|Any CPU
		{8909404F-84F3-445E-BD92-D0A15C6872AD}.Release|Any CPU.Build.0 = Release|Any CPU
	EndGlobalSection
	GlobalSection(SolutionProperties) = preSolution
		HideSolutionNode = FALSE
	EndGlobalSection
	GlobalSection(ExtensibilityGlobals) = postSolution
		SolutionGuid = {74062DCC-C576-4871-A0CA-070A0B35EEE6}
	EndGlobalSection
EndGlobal
